
Microsoft Visual Studio Solution File, Format Version 12.00
# Visual Studio Version 17
VisualStudioVersion = 17.4.33122.133
MinimumVisualStudioVersion = 10.0.40219.1
Project("{9A19103F-16F7-4668-BE54-9A1E7A4F7556}") = "Day01", "Day01\Day01.csproj", "{3B53838A-D9DE-47D2-9793-44C1A0B304A6}"
EndProject
Project("{9A19103F-16F7-4668-BE54-9A1E7A4F7556}") = "Day02", "Day02\Day02.csproj", "{D4098B9B-8741-47A8-9FFB-22AD6486C05F}"
EndProject
Project("{9A19103F-16F7-4668-BE54-9A1E7A4F7556}") = "Day03", "Day03\Day03.csproj", "{972DFD41-7C75-4147-B4CF-A7CABA86384E}"
EndProject
Project("{9A19103F-16F7-4668-BE54-9A1E7A4F7556}") = "Day04", "Day04\Day04.csproj", "{98B9CD03-7B2E-4F5B-99CD-FF2A8473BDAB}"
EndProject
Project("{9A19103F-16F7-4668-BE54-9A1E7A4F7556}") = "Day05", "Day05\Day05.csproj", "{46C0A7E5-F54C-4E41-B500-EB180EAC2245}"
EndProject
Project("{9A19103F-16F7-4668-BE54-9A1E7A4F7556}") = "Day06", "Day06\Day06.csproj", "{8C819941-0D9D-4FAC-A059-9777D6CF3646}"
EndProject
Project("{FAE04EC0-301F-11D3-BF4B-00C04F79EFBC}") = "Day07", "Day07\Day07.csproj", "{159AD094-6A59-4103-9FDA-0E0E462B1408}"
EndProject
Project("{FAE04EC0-301F-11D3-BF4B-00C04F79EFBC}") = "Day08", "Day08\Day08.csproj", "{2EA9EA49-922B-43E1-AC39-AB361ABAEA49}"
EndProject
Global
	GlobalSection(SolutionConfigurationPlatforms) = preSolution
		Debug|Any CPU = Debug|Any CPU
		Release|Any CPU = Release|Any CPU
	EndGlobalSection
	GlobalSection(ProjectConfigurationPlatforms) = postSolution
		{3B53838A-D9DE-47D2-9793-44C1A0B304A6}.Debug|Any CPU.ActiveCfg = Debug|Any CPU
		{3B53838A-D9DE-47D2-9793-44C1A0B304A6}.Debug|Any CPU.Build.0 = Debug|Any CPU
		{3B53838A-D9DE-47D2-9793-44C1A0B304A6}.Release|Any CPU.ActiveCfg = Release|Any CPU
		{3B53838A-D9DE-47D2-9793-44C1A0B304A6}.Release|Any CPU.Build.0 = Release|Any CPU
		{D4098B9B-8741-47A8-9FFB-22AD6486C05F}.Debug|Any CPU.ActiveCfg = Debug|Any CPU
		{D4098B9B-8741-47A8-9FFB-22AD6486C05F}.Debug|Any CPU.Build.0 = Debug|Any CPU
		{D4098B9B-8741-47A8-9FFB-22AD6486C05F}.Release|Any CPU.ActiveCfg = Release|Any CPU
		{D4098B9B-8741-47A8-9FFB-22AD6486C05F}.Release|Any CPU.Build.0 = Release|Any CPU
		{972DFD41-7C75-4147-B4CF-A7CABA86384E}.Debug|Any CPU.ActiveCfg = Debug|Any CPU
		{972DFD41-7C75-4147-B4CF-A7CABA86384E}.Debug|Any CPU.Build.0 = Debug|Any CPU
		{972DFD41-7C75-4147-B4CF-A7CABA86384E}.Release|Any CPU.ActiveCfg = Release|Any CPU
		{972DFD41-7C75-4147-B4CF-A7CABA86384E}.Release|Any CPU.Build.0 = Release|Any CPU
		{98B9CD03-7B2E-4F5B-99CD-FF2A8473BDAB}.Debug|Any CPU.ActiveCfg = Debug|Any CPU
		{98B9CD03-7B2E-4F5B-99CD-FF2A8473BDAB}.Debug|Any CPU.Build.0 = Debug|Any CPU
		{98B9CD03-7B2E-4F5B-99CD-FF2A8473BDAB}.Release|Any CPU.ActiveCfg = Release|Any CPU
		{98B9CD03-7B2E-4F5B-99CD-FF2A8473BDAB}.Release|Any CPU.Build.0 = Release|Any CPU
		{46C0A7E5-F54C-4E41-B500-EB180EAC2245}.Debug|Any CPU.ActiveCfg = Debug|Any CPU
		{46C0A7E5-F54C-4E41-B500-EB180EAC2245}.Debug|Any CPU.Build.0 = Debug|Any CPU
		{46C0A7E5-F54C-4E41-B500-EB180EAC2245}.Release|Any CPU.ActiveCfg = Release|Any CPU
		{46C0A7E5-F54C-4E41-B500-EB180EAC2245}.Release|Any CPU.Build.0 = Release|Any CPU
		{8C819941-0D9D-4FAC-A059-9777D6CF3646}.Debug|Any CPU.ActiveCfg = Debug|Any CPU
		{8C819941-0D9D-4FAC-A059-9777D6CF3646}.Debug|Any CPU.Build.0 = Debug|Any CPU
		{8C819941-0D9D-4FAC-A059-9777D6CF3646}.Release|Any CPU.ActiveCfg = Release|Any CPU
		{8C819941-0D9D-4FAC-A059-9777D6CF3646}.Release|Any CPU.Build.0 = Release|Any CPU
		{159AD094-6A59-4103-9FDA-0E0E462B1408}.Debug|Any CPU.ActiveCfg = Debug|Any CPU
		{159AD094-6A59-4103-9FDA-0E0E462B1408}.Debug|Any CPU.Build.0 = Debug|Any CPU
		{159AD094-6A59-4103-9FDA-0E0E462B1408}.Release|Any CPU.ActiveCfg = Release|Any CPU
		{159AD094-6A59-4103-9FDA-0E0E462B1408}.Release|Any CPU.Build.0 = Release|Any CPU
		{2EA9EA49-922B-43E1-AC39-AB361ABAEA49}.Debug|Any CPU.ActiveCfg = Debug|Any CPU
		{2EA9EA49-922B-43E1-AC39-AB361ABAEA49}.Debug|Any CPU.Build.0 = Debug|Any CPU
		{2EA9EA49-922B-43E1-AC39-AB361ABAEA49}.Release|Any CPU.ActiveCfg = Release|Any CPU
		{2EA9EA49-922B-43E1-AC39-AB361ABAEA49}.Release|Any CPU.Build.0 = Release|Any CPU
	EndGlobalSection
	GlobalSection(SolutionProperties) = preSolution
		HideSolutionNode = FALSE
	EndGlobalSection
	GlobalSection(ExtensibilityGlobals) = postSolution
		SolutionGuid = {C39C6CA5-7ECA-4BC4-BF4D-0A46D6405931}
	EndGlobalSection
EndGlobal
